
Microsoft Visual Studio Solution File, Format Version 12.00
# Visual Studio Version 16
VisualStudioVersion = 16.0.31105.61
MinimumVisualStudioVersion = 10.0.40219.1
Project("{FAE04EC0-301F-11D3-BF4B-00C04F79EFBC}") = "BancoDelCaribe", "BancoDelCaribe.csproj", "{1D023E49-C91D-4659-8574-603691CE6913}"
EndProject
Global
	GlobalSection(SolutionConfigurationPlatforms) = preSolution
		Debug|Any CPU = Debug|Any CPU
		Release|Any CPU = Release|Any CPU
	EndGlobalSection
	GlobalSection(ProjectConfigurationPlatforms) = postSolution
		{1D023E49-C91D-4659-8574-603691CE6913}.Debug|Any CPU.ActiveCfg = Debug|Any CPU
		{1D023E49-C91D-4659-8574-603691CE6913}.Debug|Any CPU.Build.0 = Debug|Any CPU
		{1D023E49-C91D-4659-8574-603691CE6913}.Release|Any CPU.ActiveCfg = Release|Any CPU
		{1D023E49-C91D-4659-8574-603691CE6913}.Release|Any CPU.Build.0 = Release|Any CPU
	EndGlobalSection
	GlobalSection(SolutionProperties) = preSolution
		HideSolutionNode = FALSE
	EndGlobalSection
	GlobalSection(ExtensibilityGlobals) = postSolution
		SolutionGuid = {532E76D8-D5FF-4F5D-9846-E1675CD72B4E}
	EndGlobalSection
EndGlobal
